
Microsoft Visual Studio Solution File, Format Version 10.00
# Visual Studio 2008
Project("{8BC9CEB8-8B4A-11D0-8D11-00A0C91BC942}") = "图书馆管理系统", "图书馆管理系统\图书馆管理系统.vcproj", "{D3E974EF-0C72-45ED-BD7F-F8268377E1A3}"
EndProject
Global
	GlobalSection(SolutionConfigurationPlatforms) = preSolution
		Debug|Win32 = Debug|Win32
		Release|Win32 = Release|Win32
	EndGlobalSection
	GlobalSection(ProjectConfigurationPlatforms) = postSolution
		{D3E974EF-0C72-45ED-BD7F-F8268377E1A3}.Debug|Win32.ActiveCfg = Debug|Win32
		{D3E974EF-0C72-45ED-BD7F-F8268377E1A3}.Debug|Win32.Build.0 = Debug|Win32
		{D3E974EF-0C72-45ED-BD7F-F8268377E1A3}.Release|Win32.ActiveCfg = Release|Win32
		{D3E974EF-0C72-45ED-BD7F-F8268377E1A3}.Release|Win32.Build.0 = Release|Win32
	EndGlobalSection
	GlobalSection(SolutionProperties) = preSolution
		HideSolutionNode = FALSE
	EndGlobalSection
EndGlobal
